// !$*UTF8*$!
{
	archiveVersion = 1;
	classes = {
	};
	objectVersion = 50;
	objects = {

/* Begin PBXBuildFile section */
		BF368D7C252EDDAF00EEF7A9 /* AppDelegate.swift in Sources */ = {isa = PBXBuildFile; fileRef = BF368D7B252EDDAF00EEF7A9 /* AppDelegate.swift */; };
		BF368D7E252EDDAF00EEF7A9 /* SceneDelegate.swift in Sources */ = {isa = PBXBuildFile; fileRef = BF368D7D252EDDAF00EEF7A9 /* SceneDelegate.swift */; };
		BF368D80252EDDAF00EEF7A9 /* ViewController.swift in Sources */ = {isa = PBXBuildFile; fileRef = BF368D7F252EDDAF00EEF7A9 /* ViewController.swift */; };
		BF368D83252EDDAF00EEF7A9 /* Main.storyboard in Resources */ = {isa = PBXBuildFile; fileRef = BF368D81252EDDAF00EEF7A9 /* Main.storyboard */; };
		BF368D86252EDDAF00EEF7A9 /* PlaylistCoreData.xcdatamodeld in Sources */ = {isa = PBXBuildFile; fileRef = BF368D84252EDDAF00EEF7A9 /* PlaylistCoreData.xcdatamodeld */; };
		BF368D88252EDDAF00EEF7A9 /* Assets.xcassets in Resources */ = {isa = PBXBuildFile; fileRef = BF368D87252EDDAF00EEF7A9 /* Assets.xcassets */; };
		BF368D8B252EDDB000EEF7A9 /* LaunchScreen.storyboard in Resources */ = {isa = PBXBuildFile; fileRef = BF368D89252EDDB000EEF7A9 /* LaunchScreen.storyboard */; };
/* End PBXBuildFile section */

/* Begin PBXFileReference section */
		BF368D78252EDDAF00EEF7A9 /* PlaylistCoreData.app */ = {isa = PBXFileReference; explicitFileType = wrapper.application; includeInIndex = 0; path = PlaylistCoreData.app; sourceTree = BUILT_PRODUCTS_DIR; };
		BF368D7B252EDDAF00EEF7A9 /* AppDelegate.swift */ = {isa = PBXFileReference; lastKnownFileType = sourcecode.swift; path = AppDelegate.swift; sourceTree = "<group>"; };
		BF368D7D252EDDAF00EEF7A9 /* SceneDelegate.swift */ = {isa = PBXFileReference; lastKnownFileType = sourcecode.swift; path = SceneDelegate.swift; sourceTree = "<group>"; };
		BF368D7F252EDDAF00EEF7A9 /* ViewController.swift */ = {isa = PBXFileReference; lastKnownFileType = sourcecode.swift; path = ViewController.swift; sourceTree = "<group>"; };
		BF368D82252EDDAF00EEF7A9 /* Base */ = {isa = PBXFileReference; lastKnownFileType = file.storyboard; name = Base; path = Base.lproj/Main.storyboard; sourceTree = "<group>"; };
		BF368D85252EDDAF00EEF7A9 /* PlaylistCoreData.xcdatamodel */ = {isa = PBXFileReference; lastKnownFileType = wrapper.xcdatamodel; path = PlaylistCoreData.xcdatamodel; sourceTree = "<group>"; };
		BF368D87252EDDAF00EEF7A9 /* Assets.xcassets */ = {isa = PBXFileReference; lastKnownFileType = folder.assetcatalog; path = Assets.xcassets; sourceTree = "<group>"; };
		BF368D8A252EDDB000EEF7A9 /* Base */ = {isa = PBXFileReference; lastKnownFileType = file.storyboard; name = Base; path = Base.lproj/LaunchScreen.storyboard; sourceTree = "<group>"; };
		BF368D8C252EDDB000EEF7A9 /* Info.plist */ = {isa = PBXFileReference; lastKnownFileType = text.plist.xml; path = Info.plist; sourceTree = "<group>"; };
/* End PBXFileReference section */

/* Begin PBXFrameworksBuildPhase section */
		BF368D75252EDDAF00EEF7A9 /* Frameworks */ = {
			isa = PBXFrameworksBuildPhase;
			buildActionMask = 2147483647;
			files = (
			);
			runOnlyForDeploymentPostprocessing = 0;
		};
/* End PBXFrameworksBuildPhase section */

/* Begin PBXGroup section */
		BF368D6F252EDDAF00EEF7A9 = {
			isa = PBXGroup;
			children = (
				BF368D7A252EDDAF00EEF7A9 /* PlaylistCoreData */,
				BF368D79252EDDAF00EEF7A9 /* Products */,
			);
			sourceTree = "<group>";
		};
		BF368D79252EDDAF00EEF7A9 /* Products */ = {
			isa = PBXGroup;
			children = (
				BF368D78252EDDAF00EEF7A9 /* PlaylistCoreData.app */,
			);
			name = Products;
			sourceTree = "<group>";
		};
		BF368D7A252EDDAF00EEF7A9 /* PlaylistCoreData */ = {
			isa = PBXGroup;
			children = (
				BF368D7B252EDDAF00EEF7A9 /* AppDelegate.swift */,
				BF368D7D252EDDAF00EEF7A9 /* SceneDelegate.swift */,
				BF368D7F252EDDAF00EEF7A9 /* ViewController.swift */,
				BF368D81252EDDAF00EEF7A9 /* Main.storyboard */,
				BF368D87252EDDAF00EEF7A9 /* Assets.xcassets */,
				BF368D89252EDDB000EEF7A9 /* LaunchScreen.storyboard */,
				BF368D8C252EDDB000EEF7A9 /* Info.plist */,
				BF368D84252EDDAF00EEF7A9 /* PlaylistCoreData.xcdatamodeld */,
			);
			path = PlaylistCoreData;
			sourceTree = "<group>";
		};
/* End PBXGroup section */

/* Begin PBXNativeTarget section */
		BF368D77252EDDAF00EEF7A9 /* PlaylistCoreData */ = {
			isa = PBXNativeTarget;
			buildConfigurationList = BF368D8F252EDDB000EEF7A9 /* Build configuration list for PBXNativeTarget "PlaylistCoreData" */;
			buildPhases = (
				BF368D74252EDDAF00EEF7A9 /* Sources */,
				BF368D75252EDDAF00EEF7A9 /* Frameworks */,
				BF368D76252EDDAF00EEF7A9 /* Resources */,
			);
			buildRules = (
			);
			dependencies = (
			);
			name = PlaylistCoreData;
			productName = PlaylistCoreData;
			productReference = BF368D78252EDDAF00EEF7A9 /* PlaylistCoreData.app */;
			productType = "com.apple.product-type.application";
		};
/* End PBXNativeTarget section */

/* Begin PBXProject section */
		BF368D70252EDDAF00EEF7A9 /* Project object */ = {
			isa = PBXProject;
			attributes = {
				LastSwiftUpdateCheck = 1200;
				LastUpgradeCheck = 1200;
				TargetAttributes = {
					BF368D77252EDDAF00EEF7A9 = {
						CreatedOnToolsVersion = 12.0.1;
					};
				};
			};
			buildConfigurationList = BF368D73252EDDAF00EEF7A9 /* Build configuration list for PBXProject "PlaylistCoreData" */;
			compatibilityVersion = "Xcode 9.3";
			developmentRegion = en;
			hasScannedForEncodings = 0;
			knownRegions = (
				en,
				Base,
			);
			mainGroup = BF368D6F252EDDAF00EEF7A9;
			productRefGroup = BF368D79252EDDAF00EEF7A9 /* Products */;
			projectDirPath = "";
			projectRoot = "";
			targets = (
				BF368D77252EDDAF00EEF7A9 /* PlaylistCoreData */,
			);
		};
/* End PBXProject section */

/* Begin PBXResourcesBuildPhase section */
		BF368D76252EDDAF00EEF7A9 /* Resources */ = {
			isa = PBXResourcesBuildPhase;
			buildActionMask = 2147483647;
			files = (
				BF368D8B252EDDB000EEF7A9 /* LaunchScreen.storyboard in Resources */,
				BF368D88252EDDAF00EEF7A9 /* Assets.xcassets in Resources */,
				BF368D83252EDDAF00EEF7A9 /* Main.storyboard in Resources */,
			);
			runOnlyForDeploymentPostprocessing = 0;
		};
/* End PBXResourcesBuildPhase section */

/* Begin PBXSourcesBuildPhase section */
		BF368D74252EDDAF00EEF7A9 /* Sources */ = {
			isa = PBXSourcesBuildPhase;
			buildActionMask = 2147483647;
			files = (
				BF368D80252EDDAF00EEF7A9 /* ViewController.swift in Sources */,
				BF368D7C252EDDAF00EEF7A9 /* AppDelegate.swift in Sources */,
				BF368D86252EDDAF00EEF7A9 /* PlaylistCoreData.xcdatamodeld in Sources */,
				BF368D7E252EDDAF00EEF7A9 /* SceneDelegate.swift in Sources */,
			);
			runOnlyForDeploymentPostprocessing = 0;
		};
/* End PBXSourcesBuildPhase section */

/* Begin PBXVariantGroup section */
		BF368D81252EDDAF00EEF7A9 /* Main.storyboard */ = {
			isa = PBXVariantGroup;
			children = (
				BF368D82252EDDAF00EEF7A9 /* Base */,
			);
			name = Main.storyboard;
			sourceTree = "<group>";
		};
		BF368D89252EDDB000EEF7A9 /* LaunchScreen.storyboard */ = {
			isa = PBXVariantGroup;
			children = (
				BF368D8A252EDDB000EEF7A9 /* Base */,
			);
			name = LaunchScreen.storyboard;
			sourceTree = "<group>";
		};
/* End PBXVariantGroup section */

/* Begin XCBuildConfiguration section */
		BF368D8D252EDDB000EEF7A9 /* Debug */ = {
			isa = XCBuildConfiguration;
			buildSettings = {
				ALWAYS_SEARCH_USER_PATHS = NO;
				CLANG_ANALYZER_NONNULL = YES;
				CLANG_ANALYZER_NUMBER_OBJECT_CONVERSION = YES_AGGRESSIVE;
				CLANG_CXX_LANGUAGE_STANDARD = "gnu++14";
				CLANG_CXX_LIBRARY = "libc++";
				CLANG_ENABLE_MODULES = YES;
				CLANG_ENABLE_OBJC_ARC = YES;
				CLANG_ENABLE_OBJC_WEAK = YES;
				CLANG_WARN_BLOCK_CAPTURE_AUTORELEASING = YES;
				CLANG_WARN_BOOL_CONVERSION = YES;
				CLANG_WARN_COMMA = YES;
				CLANG_WARN_CONSTANT_CONVERSION = YES;
				CLANG_WARN_DEPRECATED_OBJC_IMPLEMENTATIONS = YES;
				CLANG_WARN_DIRECT_OBJC_ISA_USAGE = YES_ERROR;
				CLANG_WARN_DOCUMENTATION_COMMENTS = YES;
				CLANG_WARN_EMPTY_BODY = YES;
				CLANG_WARN_ENUM_CONVERSION = YES;
				CLANG_WARN_INFINITE_RECURSION = YES;
				CLANG_WARN_INT_CONVERSION = YES;
				CLANG_WARN_NON_LITERAL_NULL_CONVERSION = YES;
				CLANG_WARN_OBJC_IMPLICIT_RETAIN_SELF = YES;
				CLANG_WARN_OBJC_LITERAL_CONVERSION = YES;
				CLANG_WARN_OBJC_ROOT_CLASS = YES_ERROR;
				CLANG_WARN_QUOTED_INCLUDE_IN_FRAMEWORK_HEADER = YES;
				CLANG_WARN_RANGE_LOOP_ANALYSIS = YES;
				CLANG_WARN_STRICT_PROTOTYPES = YES;
				CLANG_WARN_SUSPICIOUS_MOVE = YES;
				CLANG_WARN_UNGUARDED_AVAILABILITY = YES_AGGRESSIVE;
				CLANG_WARN_UNREACHABLE_CODE = YES;
				CLANG_WARN__DUPLICATE_METHOD_MATCH = YES;
				COPY_PHASE_STRIP = NO;
				DEBUG_INFORMATION_FORMAT = dwarf;
				ENABLE_STRICT_OBJC_MSGSEND = YES;
				ENABLE_TESTABILITY = YES;
				GCC_C_LANGUAGE_STANDARD = gnu11;
				GCC_DYNAMIC_NO_PIC = NO;
				GCC_NO_COMMON_BLOCKS = YES;
				GCC_OPTIMIZATION_LEVEL = 0;
				GCC_PREPROCESSOR_DEFINITIONS = (
					"DEBUG=1",
					"$(inherited)",
				);
				GCC_WARN_64_TO_32_BIT_CONVERSION = YES;
				GCC_WARN_ABOUT_RETURN_TYPE = YES_ERROR;
				GCC_WARN_UNDECLARED_SELECTOR = YES;
				GCC_WARN_UNINITIALIZED_AUTOS = YES_AGGRESSIVE;
				GCC_WARN_UNUSED_FUNCTION = YES;
				GCC_WARN_UNUSED_VARIABLE = YES;
				IPHONEOS_DEPLOYMENT_TARGET = 14.0;
				MTL_ENABLE_DEBUG_INFO = INCLUDE_SOURCE;
				MTL_FAST_MATH = YES;
				ONLY_ACTIVE_ARCH = YES;
				SDKROOT = iphoneos;
				SWIFT_ACTIVE_COMPILATION_CONDITIONS = DEBUG;
				SWIFT_OPTIMIZATION_LEVEL = "-Onone";
			};
			name = Debug;
		};
		BF368D8E252EDDB000EEF7A9 /* Release */ = {
			isa = XCBuildConfiguration;
			buildSettings = {
				ALWAYS_SEARCH_USER_PATHS = NO;
				CLANG_ANALYZER_NONNULL = YES;
				CLANG_ANALYZER_NUMBER_OBJECT_CONVERSION = YES_AGGRESSIVE;
				CLANG_CXX_LANGUAGE_STANDARD = "gnu++14";
				CLANG_CXX_LIBRARY = "libc++";
				CLANG_ENABLE_MODULES = YES;
				CLANG_ENABLE_OBJC_ARC = YES;
				CLANG_ENABLE_OBJC_WEAK = YES;
				CLANG_WARN_BLOCK_CAPTURE_AUTORELEASING = YES;
				CLANG_WARN_BOOL_CONVERSION = YES;
				CLANG_WARN_COMMA = YES;
				CLANG_WARN_CONSTANT_CONVERSION = YES;
				CLANG_WARN_DEPRECATED_OBJC_IMPLEMENTATIONS = YES;
				CLANG_WARN_DIRECT_OBJC_ISA_USAGE = YES_ERROR;
				CLANG_WARN_DOCUMENTATION_COMMENTS = YES;
				CLANG_WARN_EMPTY_BODY = YES;
				CLANG_WARN_ENUM_CONVERSION = YES;
				CLANG_WARN_INFINITE_RECURSION = YES;
				CLANG_WARN_INT_CONVERSION = YES;
				CLANG_WARN_NON_LITERAL_NULL_CONVERSION = YES;
				CLANG_WARN_OBJC_IMPLICIT_RETAIN_SELF = YES;
				CLANG_WARN_OBJC_LITERAL_CONVERSION = YES;
				CLANG_WARN_OBJC_ROOT_CLASS = YES_ERROR;
				CLANG_WARN_QUOTED_INCLUDE_IN_FRAMEWORK_HEADER = YES;
				CLANG_WARN_RANGE_LOOP_ANALYSIS = YES;
				CLANG_WARN_STRICT_PROTOTYPES = YES;
				CLANG_WARN_SUSPICIOUS_MOVE = YES;
				CLANG_WARN_UNGUARDED_AVAILABILITY = YES_AGGRESSIVE;
				CLANG_WARN_UNREACHABLE_CODE = YES;
				CLANG_WARN__DUPLICATE_METHOD_MATCH = YES;
				COPY_PHASE_STRIP = NO;
				DEBUG_INFORMATION_FORMAT = "dwarf-with-dsym";
				ENABLE_NS_ASSERTIONS = NO;
				ENABLE_STRICT_OBJC_MSGSEND = YES;
				GCC_C_LANGUAGE_STANDARD = gnu11;
				GCC_NO_COMMON_BLOCKS = YES;
				GCC_WARN_64_TO_32_BIT_CONVERSION = YES;
				GCC_WARN_ABOUT_RETURN_TYPE = YES_ERROR;
				GCC_WARN_UNDECLARED_SELECTOR = YES;
				GCC_WARN_UNINITIALIZED_AUTOS = YES_AGGRESSIVE;
				GCC_WARN_UNUSED_FUNCTION = YES;
				GCC_WARN_UNUSED_VARIABLE = YES;
				IPHONEOS_DEPLOYMENT_TARGET = 14.0;
				MTL_ENABLE_DEBUG_INFO = NO;
				MTL_FAST_MATH = YES;
				SDKROOT = iphoneos;
				SWIFT_COMPILATION_MODE = wholemodule;
				SWIFT_OPTIMIZATION_LEVEL = "-O";
				VALIDATE_PRODUCT = YES;
			};
			name = Release;
		};
		BF368D90252EDDB000EEF7A9 /* Debug */ = {
			isa = XCBuildConfiguration;
			buildSettings = {
				ASSETCATALOG_COMPILER_APPICON_NAME = AppIcon;
				ASSETCATALOG_COMPILER_GLOBAL_ACCENT_COLOR_NAME = AccentColor;
				CODE_SIGN_STYLE = Automatic;
				DEVELOPMENT_TEAM = 73V52F7L32;
				INFOPLIST_FILE = PlaylistCoreData/Info.plist;
				LD_RUNPATH_SEARCH_PATHS = (
					"$(inherited)",
					"@executable_path/Frameworks",
				);
				PRODUCT_BUNDLE_IDENTIFIER = com.Brandau.PlaylistCoreData;
				PRODUCT_NAME = "$(TARGET_NAME)";
				SWIFT_VERSION = 5.0;
				TARGETED_DEVICE_FAMILY = "1,2";
			};
			name = Debug;
		};
		BF368D91252EDDB000EEF7A9 /* Release */ = {
			isa = XCBuildConfiguration;
			buildSettings = {
				ASSETCATALOG_COMPILER_APPICON_NAME = AppIcon;
				ASSETCATALOG_COMPILER_GLOBAL_ACCENT_COLOR_NAME = AccentColor;
				CODE_SIGN_STYLE = Automatic;
				DEVELOPMENT_TEAM = 73V52F7L32;
				INFOPLIST_FILE = PlaylistCoreData/Info.plist;
				LD_RUNPATH_SEARCH_PATHS = (
					"$(inherited)",
					"@executable_path/Frameworks",
				);
				PRODUCT_BUNDLE_IDENTIFIER = com.Brandau.PlaylistCoreData;
				PRODUCT_NAME = "$(TARGET_NAME)";
				SWIFT_VERSION = 5.0;
				TARGETED_DEVICE_FAMILY = "1,2";
			};
			name = Release;
		};
/* End XCBuildConfiguration section */

/* Begin XCConfigurationList section */
		BF368D73252EDDAF00EEF7A9 /* Build configuration list for PBXProject "PlaylistCoreData" */ = {
			isa = XCConfigurationList;
			buildConfigurations = (
				BF368D8D252EDDB000EEF7A9 /* Debug */,
				BF368D8E252EDDB000EEF7A9 /* Release */,
			);
			defaultConfigurationIsVisible = 0;
			defaultConfigurationName = Release;
		};
		BF368D8F252EDDB000EEF7A9 /* Build configuration list for PBXNativeTarget "PlaylistCoreData" */ = {
			isa = XCConfigurationList;
			buildConfigurations = (
				BF368D90252EDDB000EEF7A9 /* Debug */,
				BF368D91252EDDB000EEF7A9 /* Release */,
			);
			defaultConfigurationIsVisible = 0;
			defaultConfigurationName = Release;
		};
/* End XCConfigurationList section */

/* Begin XCVersionGroup section */
		BF368D84252EDDAF00EEF7A9 /* PlaylistCoreData.xcdatamodeld */ = {
			isa = XCVersionGroup;
			children = (
				BF368D85252EDDAF00EEF7A9 /* PlaylistCoreData.xcdatamodel */,
			);
			currentVersion = BF368D85252EDDAF00EEF7A9 /* PlaylistCoreData.xcdatamodel */;
			path = PlaylistCoreData.xcdatamodeld;
			sourceTree = "<group>";
			versionGroupType = wrapper.xcdatamodel;
		};
/* End XCVersionGroup section */
	};
	rootObject = BF368D70252EDDAF00EEF7A9 /* Project object */;
}
